
Microsoft Visual Studio Solution File, Format Version 12.00
# Visual Studio Version 17
VisualStudioVersion = 17.14.36401.2
MinimumVisualStudioVersion = 10.0.40219.1
Project("{2150E333-8FDC-42A3-9474-1A3956D46DE8}") = "Adapters", "Adapters", "{02EA681E-C7D8-13C7-8484-4AC65E1B71E8}"
EndProject
Project("{2150E333-8FDC-42A3-9474-1A3956D46DE8}") = "Core", "Core", "{6E9F617B-4E25-4A0A-A57C-87ED4001C451}"
EndProject
Project("{2150E333-8FDC-42A3-9474-1A3956D46DE8}") = "Crosscutting", "Crosscutting", "{FD1A4745-9AB2-437F-9B38-467A7C1E5AFE}"
EndProject
Project("{2150E333-8FDC-42A3-9474-1A3956D46DE8}") = "Tests", "Tests", "{4AFDF17E-5AB8-4E03-89B1-0BA78B96F48F}"
EndProject
Project("{2150E333-8FDC-42A3-9474-1A3956D46DE8}") = "Driven", "Driven", "{01015743-8CBA-4C9A-9140-20CC9340212E}"
EndProject
Project("{2150E333-8FDC-42A3-9474-1A3956D46DE8}") = "Drivers", "Drivers", "{93E8F5ED-3B48-46DE-821B-663CB0A6FA6E}"
EndProject
Project("{2150E333-8FDC-42A3-9474-1A3956D46DE8}") = "Infrastructure", "Infrastructure", "{B65971B2-E61D-4D26-B5CD-9C7A3548A097}"
EndProject
Project("{2150E333-8FDC-42A3-9474-1A3956D46DE8}") = "WebApi", "WebApi", "{2ACB24AE-54B6-4D1E-AF0A-4779C3802FB6}"
EndProject
Project("{FAE04EC0-301F-11D3-BF4B-00C04F79EFBC}") = "CarlosAOliveira.Developer.ORM", "CarlosAOliveira.Developer.ORM\CarlosAOliveira.Developer.ORM.csproj", "{4EB10184-F8D7-42FE-9535-CE922B1FB9BD}"
EndProject
Project("{2150E333-8FDC-42A3-9474-1A3956D46DE8}") = "Aplication", "Aplication", "{09C139EB-2CD4-44AC-9803-211AEE33412D}"
EndProject
Project("{2150E333-8FDC-42A3-9474-1A3956D46DE8}") = "Domain", "Domain", "{185FCEC9-2BC6-4975-896D-5D1967029F14}"
EndProject
Project("{FAE04EC0-301F-11D3-BF4B-00C04F79EFBC}") = "CarlosAOliveira.Developer.Domain", "CarlosAOliveira.Developer.Domain\CarlosAOliveira.Developer.Domain.csproj", "{AB42EAAB-A36E-4D2C-8C7A-FF93CF1512D9}"
EndProject
Project("{FAE04EC0-301F-11D3-BF4B-00C04F79EFBC}") = "CarlosAOliveira.Developer.Common", "CarlosAOliveira.Developer.Common\CarlosAOliveira.Developer.Common.csproj", "{B7890571-F9F8-47E9-AB81-64EC0B5B8E65}"
EndProject
Project("{FAE04EC0-301F-11D3-BF4B-00C04F79EFBC}") = "CarlosAOliveira.Developer.Tests", "CarlosAOliveira.Developer.Tests\CarlosAOliveira.Developer.Tests.csproj", "{0E919492-45A7-4787-AC6F-35911AD41384}"
EndProject
Project("{FAE04EC0-301F-11D3-BF4B-00C04F79EFBC}") = "CarlosAOliveira.Developer.Application", "CarlosAOliveira.Developer.Application\CarlosAOliveira.Developer.Application.csproj", "{D7A0FF6E-250C-46BE-A237-E1FBCF06FABC}"
EndProject
Project("{FAE04EC0-301F-11D3-BF4B-00C04F79EFBC}") = "CarlosAOliveira.Developer.Api", "CarlosAOliveira.Developer.Api\CarlosAOliveira.Developer.Api.csproj", "{6B82211C-5166-4DF2-8F4C-2DCE10069E11}"
EndProject
Project("{FAE04EC0-301F-11D3-BF4B-00C04F79EFBC}") = "CarlosAOliveira.Developer.Worker", "CarlosAOliveira.Developer.Worker\CarlosAOliveira.Developer.Worker.csproj", "{8C9D2E3F-4A5B-4C6D-8E7F-9A0B1C2D3E4F}"
EndProject
Global
	GlobalSection(SolutionConfigurationPlatforms) = preSolution
		Debug|Any CPU = Debug|Any CPU
		Release|Any CPU = Release|Any CPU
	EndGlobalSection
	GlobalSection(ProjectConfigurationPlatforms) = postSolution
		{4EB10184-F8D7-42FE-9535-CE922B1FB9BD}.Debug|Any CPU.ActiveCfg = Debug|Any CPU
		{4EB10184-F8D7-42FE-9535-CE922B1FB9BD}.Debug|Any CPU.Build.0 = Debug|Any CPU
		{4EB10184-F8D7-42FE-9535-CE922B1FB9BD}.Release|Any CPU.ActiveCfg = Release|Any CPU
		{4EB10184-F8D7-42FE-9535-CE922B1FB9BD}.Release|Any CPU.Build.0 = Release|Any CPU
		{AB42EAAB-A36E-4D2C-8C7A-FF93CF1512D9}.Debug|Any CPU.ActiveCfg = Debug|Any CPU
		{AB42EAAB-A36E-4D2C-8C7A-FF93CF1512D9}.Debug|Any CPU.Build.0 = Debug|Any CPU
		{AB42EAAB-A36E-4D2C-8C7A-FF93CF1512D9}.Release|Any CPU.ActiveCfg = Release|Any CPU
		{AB42EAAB-A36E-4D2C-8C7A-FF93CF1512D9}.Release|Any CPU.Build.0 = Release|Any CPU
		{B7890571-F9F8-47E9-AB81-64EC0B5B8E65}.Debug|Any CPU.ActiveCfg = Debug|Any CPU
		{B7890571-F9F8-47E9-AB81-64EC0B5B8E65}.Debug|Any CPU.Build.0 = Debug|Any CPU
		{B7890571-F9F8-47E9-AB81-64EC0B5B8E65}.Release|Any CPU.ActiveCfg = Release|Any CPU
		{B7890571-F9F8-47E9-AB81-64EC0B5B8E65}.Release|Any CPU.Build.0 = Release|Any CPU
		{0E919492-45A7-4787-AC6F-35911AD41384}.Debug|Any CPU.ActiveCfg = Debug|Any CPU
		{0E919492-45A7-4787-AC6F-35911AD41384}.Debug|Any CPU.Build.0 = Debug|Any CPU
		{0E919492-45A7-4787-AC6F-35911AD41384}.Release|Any CPU.ActiveCfg = Release|Any CPU
		{0E919492-45A7-4787-AC6F-35911AD41384}.Release|Any CPU.Build.0 = Release|Any CPU
		{D7A0FF6E-250C-46BE-A237-E1FBCF06FABC}.Debug|Any CPU.ActiveCfg = Debug|Any CPU
		{D7A0FF6E-250C-46BE-A237-E1FBCF06FABC}.Debug|Any CPU.Build.0 = Debug|Any CPU
		{D7A0FF6E-250C-46BE-A237-E1FBCF06FABC}.Release|Any CPU.ActiveCfg = Release|Any CPU
		{D7A0FF6E-250C-46BE-A237-E1FBCF06FABC}.Release|Any CPU.Build.0 = Release|Any CPU
		{6B82211C-5166-4DF2-8F4C-2DCE10069E11}.Debug|Any CPU.ActiveCfg = Debug|Any CPU
		{6B82211C-5166-4DF2-8F4C-2DCE10069E11}.Debug|Any CPU.Build.0 = Debug|Any CPU
		{6B82211C-5166-4DF2-8F4C-2DCE10069E11}.Release|Any CPU.ActiveCfg = Release|Any CPU
		{6B82211C-5166-4DF2-8F4C-2DCE10069E11}.Release|Any CPU.Build.0 = Release|Any CPU
		{8C9D2E3F-4A5B-4C6D-8E7F-9A0B1C2D3E4F}.Debug|Any CPU.ActiveCfg = Debug|Any CPU
		{8C9D2E3F-4A5B-4C6D-8E7F-9A0B1C2D3E4F}.Debug|Any CPU.Build.0 = Debug|Any CPU
		{8C9D2E3F-4A5B-4C6D-8E7F-9A0B1C2D3E4F}.Release|Any CPU.ActiveCfg = Release|Any CPU
		{8C9D2E3F-4A5B-4C6D-8E7F-9A0B1C2D3E4F}.Release|Any CPU.Build.0 = Release|Any CPU
	EndGlobalSection
	GlobalSection(SolutionProperties) = preSolution
		HideSolutionNode = FALSE
	EndGlobalSection
	GlobalSection(NestedProjects) = preSolution
		{01015743-8CBA-4C9A-9140-20CC9340212E} = {02EA681E-C7D8-13C7-8484-4AC65E1B71E8}
		{93E8F5ED-3B48-46DE-821B-663CB0A6FA6E} = {02EA681E-C7D8-13C7-8484-4AC65E1B71E8}
		{B65971B2-E61D-4D26-B5CD-9C7A3548A097} = {01015743-8CBA-4C9A-9140-20CC9340212E}
		{2ACB24AE-54B6-4D1E-AF0A-4779C3802FB6} = {93E8F5ED-3B48-46DE-821B-663CB0A6FA6E}
		{4EB10184-F8D7-42FE-9535-CE922B1FB9BD} = {B65971B2-E61D-4D26-B5CD-9C7A3548A097}
		{09C139EB-2CD4-44AC-9803-211AEE33412D} = {6E9F617B-4E25-4A0A-A57C-87ED4001C451}
		{185FCEC9-2BC6-4975-896D-5D1967029F14} = {6E9F617B-4E25-4A0A-A57C-87ED4001C451}
		{AB42EAAB-A36E-4D2C-8C7A-FF93CF1512D9} = {185FCEC9-2BC6-4975-896D-5D1967029F14}
		{B7890571-F9F8-47E9-AB81-64EC0B5B8E65} = {FD1A4745-9AB2-437F-9B38-467A7C1E5AFE}
		{0E919492-45A7-4787-AC6F-35911AD41384} = {4AFDF17E-5AB8-4E03-89B1-0BA78B96F48F}
		{D7A0FF6E-250C-46BE-A237-E1FBCF06FABC} = {09C139EB-2CD4-44AC-9803-211AEE33412D}
		{6B82211C-5166-4DF2-8F4C-2DCE10069E11} = {2ACB24AE-54B6-4D1E-AF0A-4779C3802FB6}
		{8C9D2E3F-4A5B-4C6D-8E7F-9A0B1C2D3E4F} = {93E8F5ED-3B48-46DE-821B-663CB0A6FA6E}
	EndGlobalSection
	GlobalSection(ExtensibilityGlobals) = postSolution
		SolutionGuid = {BA36689E-FE36-4DEE-B1E8-4EA341918107}
	EndGlobalSection
EndGlobal
