
Microsoft Visual Studio Solution File, Format Version 12.00
# Visual Studio Version 17
VisualStudioVersion = 17.14.36429.23
MinimumVisualStudioVersion = 10.0.40219.1
Project("{2150E333-8FDC-42A3-9474-1A3956D46DE8}") = "Adapters", "Adapters", "{02EA681E-C7D8-13C7-8484-4AC65E1B71E8}"
EndProject
Project("{2150E333-8FDC-42A3-9474-1A3956D46DE8}") = "Core", "Core", "{9BA77919-FC71-42C7-ABFB-07BC342A207F}"
EndProject
Project("{2150E333-8FDC-42A3-9474-1A3956D46DE8}") = "Crosscutting", "Crosscutting", "{59D0ED12-FD21-4335-B0A9-3D34C02AEBCA}"
EndProject
Project("{2150E333-8FDC-42A3-9474-1A3956D46DE8}") = "Solution Items", "Solution Items", "{F0552891-DFFD-4354-BB92-B4DDF8C7C7F4}"
EndProject
Project("{2150E333-8FDC-42A3-9474-1A3956D46DE8}") = "Tests", "Tests", "{54086934-5B5C-4BCC-BA11-DFD1416A50AD}"
EndProject
Project("{2150E333-8FDC-42A3-9474-1A3956D46DE8}") = "Driven", "Driven", "{91BCF8D4-E9F0-45F0-B279-A8243D7C387C}"
EndProject
Project("{2150E333-8FDC-42A3-9474-1A3956D46DE8}") = "Drivers", "Drivers", "{7874DE89-3544-4E50-9BF7-F55755770929}"
EndProject
Project("{2150E333-8FDC-42A3-9474-1A3956D46DE8}") = "Infrastructure", "Infrastructure", "{7D66EB0D-0A01-42FE-A54C-BD4D152E0737}"
EndProject
Project("{FAE04EC0-301F-11D3-BF4B-00C04F79EFBC}") = "CleanCode.ORM", "CleanCode.ORM\CleanCode.ORM.csproj", "{C9A4DF47-2630-4EED-B9B6-542BDCB109CA}"
EndProject
Project("{2150E333-8FDC-42A3-9474-1A3956D46DE8}") = "Application", "Application", "{2F7110C0-1D72-48B7-A3E3-6A57910A8E64}"
EndProject
Project("{2150E333-8FDC-42A3-9474-1A3956D46DE8}") = "Domain", "Domain", "{BFFF2C23-928A-42B2-8AE7-035DA1D2810C}"
EndProject
Project("{FAE04EC0-301F-11D3-BF4B-00C04F79EFBC}") = "CleanCode.Application", "CleanCode.Application\CleanCode.Application.csproj", "{6E91D050-83D1-400A-A35D-69ADD62E852F}"
EndProject
Project("{FAE04EC0-301F-11D3-BF4B-00C04F79EFBC}") = "CleanCode.Domain", "CleanCode.Domain\CleanCode.Domain.csproj", "{697FB0E0-50F5-41EF-98D3-80E78EE24B9E}"
EndProject
Project("{FAE04EC0-301F-11D3-BF4B-00C04F79EFBC}") = "CleanCode.Common", "CleanCode.Common\CleanCode.Common.csproj", "{2380ADF2-E65B-4A43-9F3A-0A67404B9D96}"
EndProject
Project("{FAE04EC0-301F-11D3-BF4B-00C04F79EFBC}") = "CleanCode.IoC", "CleanCode.IoC\CleanCode.IoC.csproj", "{C05D20C1-962D-46E2-82A9-9B8D66B25BDC}"
EndProject
Project("{FAE04EC0-301F-11D3-BF4B-00C04F79EFBC}") = "CleanCode.Api", "CleanCode.Api\CleanCode.Api.csproj", "{1FEB3C0C-C619-47D2-85B2-DD2B77CFA5F2}"
EndProject
Project("{2150E333-8FDC-42A3-9474-1A3956D46DE8}") = "Docker", "Docker", "{4AF79501-F785-4B98-8EE5-54BE186D67A2}"
	ProjectSection(SolutionItems) = preProject
		docker-compose.override.yml = docker-compose.override.yml
		docker-compose.yml = docker-compose.yml
		Dockerfile = Dockerfile
	EndProjectSection
EndProject
Project("{FAE04EC0-301F-11D3-BF4B-00C04F79EFBC}") = "CleanCode.tests", "CleanCode.tests\CleanCode.tests.csproj", "{23281C2F-0F33-439D-B79E-BDF8C452B460}"
EndProject
Global
	GlobalSection(SolutionConfigurationPlatforms) = preSolution
		Debug|Any CPU = Debug|Any CPU
		Release|Any CPU = Release|Any CPU
	EndGlobalSection
	GlobalSection(ProjectConfigurationPlatforms) = postSolution
		{C9A4DF47-2630-4EED-B9B6-542BDCB109CA}.Debug|Any CPU.ActiveCfg = Debug|Any CPU
		{C9A4DF47-2630-4EED-B9B6-542BDCB109CA}.Debug|Any CPU.Build.0 = Debug|Any CPU
		{C9A4DF47-2630-4EED-B9B6-542BDCB109CA}.Release|Any CPU.ActiveCfg = Release|Any CPU
		{C9A4DF47-2630-4EED-B9B6-542BDCB109CA}.Release|Any CPU.Build.0 = Release|Any CPU
		{6E91D050-83D1-400A-A35D-69ADD62E852F}.Debug|Any CPU.ActiveCfg = Debug|Any CPU
		{6E91D050-83D1-400A-A35D-69ADD62E852F}.Debug|Any CPU.Build.0 = Debug|Any CPU
		{6E91D050-83D1-400A-A35D-69ADD62E852F}.Release|Any CPU.ActiveCfg = Release|Any CPU
		{6E91D050-83D1-400A-A35D-69ADD62E852F}.Release|Any CPU.Build.0 = Release|Any CPU
		{697FB0E0-50F5-41EF-98D3-80E78EE24B9E}.Debug|Any CPU.ActiveCfg = Debug|Any CPU
		{697FB0E0-50F5-41EF-98D3-80E78EE24B9E}.Debug|Any CPU.Build.0 = Debug|Any CPU
		{697FB0E0-50F5-41EF-98D3-80E78EE24B9E}.Release|Any CPU.ActiveCfg = Release|Any CPU
		{697FB0E0-50F5-41EF-98D3-80E78EE24B9E}.Release|Any CPU.Build.0 = Release|Any CPU
		{2380ADF2-E65B-4A43-9F3A-0A67404B9D96}.Debug|Any CPU.ActiveCfg = Debug|Any CPU
		{2380ADF2-E65B-4A43-9F3A-0A67404B9D96}.Debug|Any CPU.Build.0 = Debug|Any CPU
		{2380ADF2-E65B-4A43-9F3A-0A67404B9D96}.Release|Any CPU.ActiveCfg = Release|Any CPU
		{2380ADF2-E65B-4A43-9F3A-0A67404B9D96}.Release|Any CPU.Build.0 = Release|Any CPU
		{C05D20C1-962D-46E2-82A9-9B8D66B25BDC}.Debug|Any CPU.ActiveCfg = Debug|Any CPU
		{C05D20C1-962D-46E2-82A9-9B8D66B25BDC}.Debug|Any CPU.Build.0 = Debug|Any CPU
		{C05D20C1-962D-46E2-82A9-9B8D66B25BDC}.Release|Any CPU.ActiveCfg = Release|Any CPU
		{C05D20C1-962D-46E2-82A9-9B8D66B25BDC}.Release|Any CPU.Build.0 = Release|Any CPU
		{1FEB3C0C-C619-47D2-85B2-DD2B77CFA5F2}.Debug|Any CPU.ActiveCfg = Debug|Any CPU
		{1FEB3C0C-C619-47D2-85B2-DD2B77CFA5F2}.Debug|Any CPU.Build.0 = Debug|Any CPU
		{1FEB3C0C-C619-47D2-85B2-DD2B77CFA5F2}.Release|Any CPU.ActiveCfg = Release|Any CPU
		{1FEB3C0C-C619-47D2-85B2-DD2B77CFA5F2}.Release|Any CPU.Build.0 = Release|Any CPU
		{23281C2F-0F33-439D-B79E-BDF8C452B460}.Debug|Any CPU.ActiveCfg = Debug|Any CPU
		{23281C2F-0F33-439D-B79E-BDF8C452B460}.Debug|Any CPU.Build.0 = Debug|Any CPU
		{23281C2F-0F33-439D-B79E-BDF8C452B460}.Release|Any CPU.ActiveCfg = Release|Any CPU
		{23281C2F-0F33-439D-B79E-BDF8C452B460}.Release|Any CPU.Build.0 = Release|Any CPU
	EndGlobalSection
	GlobalSection(SolutionProperties) = preSolution
		HideSolutionNode = FALSE
	EndGlobalSection
	GlobalSection(NestedProjects) = preSolution
		{91BCF8D4-E9F0-45F0-B279-A8243D7C387C} = {02EA681E-C7D8-13C7-8484-4AC65E1B71E8}
		{7874DE89-3544-4E50-9BF7-F55755770929} = {02EA681E-C7D8-13C7-8484-4AC65E1B71E8}
		{7D66EB0D-0A01-42FE-A54C-BD4D152E0737} = {91BCF8D4-E9F0-45F0-B279-A8243D7C387C}
		{C9A4DF47-2630-4EED-B9B6-542BDCB109CA} = {7D66EB0D-0A01-42FE-A54C-BD4D152E0737}
		{2F7110C0-1D72-48B7-A3E3-6A57910A8E64} = {9BA77919-FC71-42C7-ABFB-07BC342A207F}
		{BFFF2C23-928A-42B2-8AE7-035DA1D2810C} = {9BA77919-FC71-42C7-ABFB-07BC342A207F}
		{6E91D050-83D1-400A-A35D-69ADD62E852F} = {2F7110C0-1D72-48B7-A3E3-6A57910A8E64}
		{697FB0E0-50F5-41EF-98D3-80E78EE24B9E} = {BFFF2C23-928A-42B2-8AE7-035DA1D2810C}
		{2380ADF2-E65B-4A43-9F3A-0A67404B9D96} = {59D0ED12-FD21-4335-B0A9-3D34C02AEBCA}
		{C05D20C1-962D-46E2-82A9-9B8D66B25BDC} = {59D0ED12-FD21-4335-B0A9-3D34C02AEBCA}
		{1FEB3C0C-C619-47D2-85B2-DD2B77CFA5F2} = {7874DE89-3544-4E50-9BF7-F55755770929}
		{23281C2F-0F33-439D-B79E-BDF8C452B460} = {54086934-5B5C-4BCC-BA11-DFD1416A50AD}
	EndGlobalSection
	GlobalSection(ExtensibilityGlobals) = postSolution
		SolutionGuid = {FD13D5D2-6B67-4B07-AFD3-D7BBB797610C}
	EndGlobalSection
EndGlobal
